
Microsoft Visual Studio Solution File, Format Version 12.00
# Visual Studio 15
VisualStudioVersion = 15.0.26430.6
MinimumVisualStudioVersion = 10.0.40219.1
Project("{FAE04EC0-301F-11D3-BF4B-00C04F79EFBC}") = "Presentation.Web", "Presentation.Web\Presentation.Web.csproj", "{C3D904FD-65FE-4F2D-B6D6-27C35CC46B24}"
EndProject
Project("{2150E333-8FDC-42A3-9474-1A3956D46DE8}") = "1.1 - Presentation", "1.1 - Presentation", "{0F53A243-1084-47F8-B6C8-9CD9B669A50A}"
EndProject
Project("{2150E333-8FDC-42A3-9474-1A3956D46DE8}") = "1.2 - Application", "1.2 - Application", "{812397D4-A84B-4FC5-820B-CF69E64FEA83}"
EndProject
Project("{2150E333-8FDC-42A3-9474-1A3956D46DE8}") = "1.3 - Domain", "1.3 - Domain", "{99331514-2429-416B-9326-B15EFDCCD440}"
EndProject
Project("{2150E333-8FDC-42A3-9474-1A3956D46DE8}") = "1.4 - Data", "1.4 - Data", "{09295931-B496-4F33-BCDD-D3693C62F1C8}"
EndProject
Project("{FAE04EC0-301F-11D3-BF4B-00C04F79EFBC}") = "Application.Dto", "Application.Dto\Application.Dto.csproj", "{9E52178C-B21C-4571-AF3D-181F1FD67AEC}"
EndProject
Project("{FAE04EC0-301F-11D3-BF4B-00C04F79EFBC}") = "Application.Services", "Application.Services\Application.Services.csproj", "{55D05107-CC92-467D-8E62-17EF1BB4AD85}"
EndProject
Project("{2150E333-8FDC-42A3-9474-1A3956D46DE8}") = "1 - Layers", "1 - Layers", "{C557ED2E-67BF-41A7-AF3F-3B7EA52B57BB}"
EndProject
Project("{FAE04EC0-301F-11D3-BF4B-00C04F79EFBC}") = "Domain.Core", "Domain.Core\Domain.Core.csproj", "{9818C16E-1856-4E01-BA2A-1278BA09A41E}"
EndProject
Project("{FAE04EC0-301F-11D3-BF4B-00C04F79EFBC}") = "Domain.Model", "Domain.Model\Domain.Model.csproj", "{D26A6DCD-E9DA-4060-A633-89000C1AB74D}"
EndProject
Project("{FAE04EC0-301F-11D3-BF4B-00C04F79EFBC}") = "Domain.Services", "Domain.Services\Domain.Services.csproj", "{D923F26E-801E-4FD1-9FD5-F1409DDA7FD6}"
EndProject
Project("{FAE04EC0-301F-11D3-BF4B-00C04F79EFBC}") = "Data.Repository", "Data.Repository\Data.Repository.csproj", "{F5E6BAA2-841B-44BF-81C7-EF1C44504466}"
EndProject
Project("{FAE04EC0-301F-11D3-BF4B-00C04F79EFBC}") = "Data.Gateway", "Data.Gateway\Data.Gateway.csproj", "{B821DEBE-FE9F-418C-84E1-B879236187A9}"
EndProject
Global
	GlobalSection(SolutionConfigurationPlatforms) = preSolution
		Debug|Any CPU = Debug|Any CPU
		Release|Any CPU = Release|Any CPU
	EndGlobalSection
	GlobalSection(ProjectConfigurationPlatforms) = postSolution
		{C3D904FD-65FE-4F2D-B6D6-27C35CC46B24}.Debug|Any CPU.ActiveCfg = Debug|Any CPU
		{C3D904FD-65FE-4F2D-B6D6-27C35CC46B24}.Debug|Any CPU.Build.0 = Debug|Any CPU
		{C3D904FD-65FE-4F2D-B6D6-27C35CC46B24}.Release|Any CPU.ActiveCfg = Release|Any CPU
		{C3D904FD-65FE-4F2D-B6D6-27C35CC46B24}.Release|Any CPU.Build.0 = Release|Any CPU
		{9E52178C-B21C-4571-AF3D-181F1FD67AEC}.Debug|Any CPU.ActiveCfg = Debug|Any CPU
		{9E52178C-B21C-4571-AF3D-181F1FD67AEC}.Debug|Any CPU.Build.0 = Debug|Any CPU
		{9E52178C-B21C-4571-AF3D-181F1FD67AEC}.Release|Any CPU.ActiveCfg = Release|Any CPU
		{9E52178C-B21C-4571-AF3D-181F1FD67AEC}.Release|Any CPU.Build.0 = Release|Any CPU
		{55D05107-CC92-467D-8E62-17EF1BB4AD85}.Debug|Any CPU.ActiveCfg = Debug|Any CPU
		{55D05107-CC92-467D-8E62-17EF1BB4AD85}.Debug|Any CPU.Build.0 = Debug|Any CPU
		{55D05107-CC92-467D-8E62-17EF1BB4AD85}.Release|Any CPU.ActiveCfg = Release|Any CPU
		{55D05107-CC92-467D-8E62-17EF1BB4AD85}.Release|Any CPU.Build.0 = Release|Any CPU
		{9818C16E-1856-4E01-BA2A-1278BA09A41E}.Debug|Any CPU.ActiveCfg = Debug|Any CPU
		{9818C16E-1856-4E01-BA2A-1278BA09A41E}.Debug|Any CPU.Build.0 = Debug|Any CPU
		{9818C16E-1856-4E01-BA2A-1278BA09A41E}.Release|Any CPU.ActiveCfg = Release|Any CPU
		{9818C16E-1856-4E01-BA2A-1278BA09A41E}.Release|Any CPU.Build.0 = Release|Any CPU
		{D26A6DCD-E9DA-4060-A633-89000C1AB74D}.Debug|Any CPU.ActiveCfg = Debug|Any CPU
		{D26A6DCD-E9DA-4060-A633-89000C1AB74D}.Debug|Any CPU.Build.0 = Debug|Any CPU
		{D26A6DCD-E9DA-4060-A633-89000C1AB74D}.Release|Any CPU.ActiveCfg = Release|Any CPU
		{D26A6DCD-E9DA-4060-A633-89000C1AB74D}.Release|Any CPU.Build.0 = Release|Any CPU
		{D923F26E-801E-4FD1-9FD5-F1409DDA7FD6}.Debug|Any CPU.ActiveCfg = Debug|Any CPU
		{D923F26E-801E-4FD1-9FD5-F1409DDA7FD6}.Debug|Any CPU.Build.0 = Debug|Any CPU
		{D923F26E-801E-4FD1-9FD5-F1409DDA7FD6}.Release|Any CPU.ActiveCfg = Release|Any CPU
		{D923F26E-801E-4FD1-9FD5-F1409DDA7FD6}.Release|Any CPU.Build.0 = Release|Any CPU
		{F5E6BAA2-841B-44BF-81C7-EF1C44504466}.Debug|Any CPU.ActiveCfg = Debug|Any CPU
		{F5E6BAA2-841B-44BF-81C7-EF1C44504466}.Debug|Any CPU.Build.0 = Debug|Any CPU
		{F5E6BAA2-841B-44BF-81C7-EF1C44504466}.Release|Any CPU.ActiveCfg = Release|Any CPU
		{F5E6BAA2-841B-44BF-81C7-EF1C44504466}.Release|Any CPU.Build.0 = Release|Any CPU
		{B821DEBE-FE9F-418C-84E1-B879236187A9}.Debug|Any CPU.ActiveCfg = Debug|Any CPU
		{B821DEBE-FE9F-418C-84E1-B879236187A9}.Debug|Any CPU.Build.0 = Debug|Any CPU
		{B821DEBE-FE9F-418C-84E1-B879236187A9}.Release|Any CPU.ActiveCfg = Release|Any CPU
		{B821DEBE-FE9F-418C-84E1-B879236187A9}.Release|Any CPU.Build.0 = Release|Any CPU
	EndGlobalSection
	GlobalSection(SolutionProperties) = preSolution
		HideSolutionNode = FALSE
	EndGlobalSection
	GlobalSection(NestedProjects) = preSolution
		{C3D904FD-65FE-4F2D-B6D6-27C35CC46B24} = {0F53A243-1084-47F8-B6C8-9CD9B669A50A}
		{0F53A243-1084-47F8-B6C8-9CD9B669A50A} = {C557ED2E-67BF-41A7-AF3F-3B7EA52B57BB}
		{812397D4-A84B-4FC5-820B-CF69E64FEA83} = {C557ED2E-67BF-41A7-AF3F-3B7EA52B57BB}
		{99331514-2429-416B-9326-B15EFDCCD440} = {C557ED2E-67BF-41A7-AF3F-3B7EA52B57BB}
		{09295931-B496-4F33-BCDD-D3693C62F1C8} = {C557ED2E-67BF-41A7-AF3F-3B7EA52B57BB}
		{9E52178C-B21C-4571-AF3D-181F1FD67AEC} = {812397D4-A84B-4FC5-820B-CF69E64FEA83}
		{55D05107-CC92-467D-8E62-17EF1BB4AD85} = {812397D4-A84B-4FC5-820B-CF69E64FEA83}
		{9818C16E-1856-4E01-BA2A-1278BA09A41E} = {99331514-2429-416B-9326-B15EFDCCD440}
		{D26A6DCD-E9DA-4060-A633-89000C1AB74D} = {99331514-2429-416B-9326-B15EFDCCD440}
		{D923F26E-801E-4FD1-9FD5-F1409DDA7FD6} = {99331514-2429-416B-9326-B15EFDCCD440}
		{F5E6BAA2-841B-44BF-81C7-EF1C44504466} = {09295931-B496-4F33-BCDD-D3693C62F1C8}
		{B821DEBE-FE9F-418C-84E1-B879236187A9} = {09295931-B496-4F33-BCDD-D3693C62F1C8}
	EndGlobalSection
EndGlobal
